{
  "name": "interface",
  "version": "1.0.0",
  "lockfileVersion": 2,
  "requires": true,
  "packages": {
    "": {
      "name": "interface",
      "version": "1.0.0",
      "license": "ISC",
      "dependencies": {
        "tui-chat-components": "^0.0.3"
      }
    },
    "node_modules/blessed": {
      "version": "0.1.81",
      "resolved": "https://registry.npmjs.org/blessed/-/blessed-0.1.81.tgz",
      "integrity": "sha512-LoF5gae+hlmfORcG1M5+5XZi4LBmvlXTzwJWzUlPryN/SJdSflZvROM2TwkT0GMpq7oqT48NRd4GS7BiVBc5OQ==",
      "bin": {
        "blessed": "bin/tput.js"
      },
      "engines": {
        "node": ">= 0.8.0"
      }
    },
    "node_modules/tui-chat-components": {
      "version": "0.0.3",
      "resolved": "https://registry.npmjs.org/tui-chat-components/-/tui-chat-components-0.0.3.tgz",
      "integrity": "sha512-MhNcQyMg8fA4N1MeAVt/wXN2ubUDKE6xFqPakVXAyU+LKe5nko6J7LjYZUN7hsR1ZhjSLKsg7DKqCwmazI2mew==",
      "dependencies": {
        "blessed": "^0.1.81"
      }
    }
  },
  "dependencies": {
    "blessed": {
      "version": "0.1.81",
      "resolved": "https://registry.npmjs.org/blessed/-/blessed-0.1.81.tgz",
      "integrity": "sha512-LoF5gae+hlmfORcG1M5+5XZi4LBmvlXTzwJWzUlPryN/SJdSflZvROM2TwkT0GMpq7oqT48NRd4GS7BiVBc5OQ=="
    },
    "tui-chat-components": {
      "version": "0.0.3",
      "resolved": "https://registry.npmjs.org/tui-chat-components/-/tui-chat-components-0.0.3.tgz",
      "integrity": "sha512-MhNcQyMg8fA4N1MeAVt/wXN2ubUDKE6xFqPakVXAyU+LKe5nko6J7LjYZUN7hsR1ZhjSLKsg7DKqCwmazI2mew==",
      "requires": {
        "blessed": "^0.1.81"
      }
    }
  }
}
